
Microsoft Visual Studio Solution File, Format Version 12.00
# Visual Studio Version 17
VisualStudioVersion = 17.0.31903.59
MinimumVisualStudioVersion = 10.0.40219.1
Project("{FAE04EC0-301F-11D3-BF4B-00C04F79EFBC}") = "MqttDashBoard", "MqttDashBoard\MqttDashBoard.csproj", "{E18D3598-3BDF-47D8-9CBF-84ECC9CCE301}"
EndProject
Global
	GlobalSection(SolutionConfigurationPlatforms) = preSolution
		Debug|Any CPU = Debug|Any CPU
		Release|Any CPU = Release|Any CPU
	EndGlobalSection
	GlobalSection(SolutionProperties) = preSolution
		HideSolutionNode = FALSE
	EndGlobalSection
	GlobalSection(ProjectConfigurationPlatforms) = postSolution
		{E18D3598-3BDF-47D8-9CBF-84ECC9CCE301}.Debug|Any CPU.ActiveCfg = Debug|Any CPU
		{E18D3598-3BDF-47D8-9CBF-84ECC9CCE301}.Debug|Any CPU.Build.0 = Debug|Any CPU
		{E18D3598-3BDF-47D8-9CBF-84ECC9CCE301}.Release|Any CPU.ActiveCfg = Release|Any CPU
		{E18D3598-3BDF-47D8-9CBF-84ECC9CCE301}.Release|Any CPU.Build.0 = Release|Any CPU
	EndGlobalSection
EndGlobal
